{
  "name": "one-screen-one-seamless-journey",
  "version": "1.0.0",
  "lockfileVersion": 3,
  "requires": true,
  "packages": {
    "": {
      "name": "one-screen-one-seamless-journey",
      "version": "1.0.0",
      "license": "ISC",
      "dependencies": {
        "@db-ux/core-components": "^4.12.1",
        "@db-ux/core-foundations": "^4.12.1",
        "@db-ux/db-theme": "^5.8.0",
        "@db-ux/db-theme-fonts": "^2.0.5",
        "@db-ux/db-theme-icons": "^3.9.0",
        "@db-ux/db-theme-illustrative-icons": "^3.3.0",
        "@db-ux/wc-core-components": "^4.12.1"
      }
    },
    "node_modules/@db-ux/core-components": {
      "version": "4.12.1",
      "resolved": "https://registry.npmjs.org/@db-ux/core-components/-/core-components-4.12.1.tgz",
      "integrity": "sha512-OZyWilBb8Sbc3yEd59LlyvOb5iXUDVBO0TGbEsn1lJdWgG0S5kw4K2Mi0NgoLWUUvXrBFJvsiLLtS0M4Q4Zv0g==",
      "license": "Apache-2.0",
      "dependencies": {
        "@db-ux/core-foundations": "4.12.1"
      }
    },
    "node_modules/@db-ux/core-foundations": {
      "version": "4.12.1",
      "resolved": "https://registry.npmjs.org/@db-ux/core-foundations/-/core-foundations-4.12.1.tgz",
      "integrity": "sha512-7PNtDm1fmZTAn7OzR8x359LnuLYtyUip++BC4zv4zipBRl9agTAP8hkppzxIaToRa9xE7Ig9YuWi8P9JTwRHCw==",
      "license": "Apache-2.0"
    },
    "node_modules/@db-ux/db-theme": {
      "version": "5.8.0",
      "resolved": "https://registry.npmjs.org/@db-ux/db-theme/-/db-theme-5.8.0.tgz",
      "integrity": "sha512-aRdn1emVUxNylnp9CA67hPoX91ZyeeJD6sjfehtKXyzW/HuGK9OLAye8WmFnpjjWYiv8+E3C+tBI2WVp06c6uQ==",
      "hasInstallScript": true,
      "license": "SEE LICENSE IN LICENSE",
      "dependencies": {
        "@db-ux/db-theme-fonts": "2.0.5",
        "@db-ux/db-theme-icons": "3.9.0",
        "@db-ux/db-theme-illustrative-icons": "3.3.0"
      }
    },
    "node_modules/@db-ux/db-theme-fonts": {
      "version": "2.0.5",
      "resolved": "https://registry.npmjs.org/@db-ux/db-theme-fonts/-/db-theme-fonts-2.0.5.tgz",
      "integrity": "sha512-wtYxHGApW6tmjt/dOoNQL0MzlQ6w6YLHy0fIBQm3Ao6gQJ4DbTpInArzQI1/ctYm/nhCBwvPUIe14vhxqmnz4Q==",
      "hasInstallScript": true,
      "license": "SEE LICENSE IN LICENSE"
    },
    "node_modules/@db-ux/db-theme-icons": {
      "version": "3.9.0",
      "resolved": "https://registry.npmjs.org/@db-ux/db-theme-icons/-/db-theme-icons-3.9.0.tgz",
      "integrity": "sha512-odOwooJ3/BGI2RJTfVMbMPQ26PItOZgKCNw/e38MmB2aH1cRMF0ZsRY8zxzeEZypNvWurll2Ri+2x/dTHR2GGA==",
      "hasInstallScript": true,
      "license": "SEE LICENSE IN LICENSE"
    },
    "node_modules/@db-ux/db-theme-illustrative-icons": {
      "version": "3.3.0",
      "resolved": "https://registry.npmjs.org/@db-ux/db-theme-illustrative-icons/-/db-theme-illustrative-icons-3.3.0.tgz",
      "integrity": "sha512-ilJByxzkS3HyU4DHH3n4eMJpA0UzYcIZO1+MAy9vMeu17+LbMP+ebTVjfViSGPqqJZQnBiG3FUNJeuIdMQvrqQ==",
      "hasInstallScript": true,
      "license": "SEE LICENSE IN LICENSE"
    },
    "node_modules/@db-ux/wc-core-components": {
      "version": "4.12.1",
      "resolved": "https://registry.npmjs.org/@db-ux/wc-core-components/-/wc-core-components-4.12.1.tgz",
      "integrity": "sha512-2i9H+UQf1mOzZYfP4xTHH1yC0+1mIyYEWk1cgnhrpyAMSComNcTWY8sa2okMtrm+E0pkov1Xi6HQw+rFGF/k7Q==",
      "license": "Apache-2.0",
      "dependencies": {
        "@db-ux/core-components": "4.12.1",
        "@db-ux/core-foundations": "4.12.1"
      }
    }
  }
}
